
Microsoft Visual Studio Solution File, Format Version 12.00
# Visual Studio Version 16
VisualStudioVersion = 16.0.29020.237
MinimumVisualStudioVersion = 10.0.40219.1
Project("{FAE04EC0-301F-11D3-BF4B-00C04F79EFBC}") = "NetCoreAndSignalR", "NetCoreAndSignalR\NetCoreAndSignalR.csproj", "{AA3861B5-0F28-45B9-8264-EBBB8E9E1B00}"
EndProject
Global
	GlobalSection(SolutionConfigurationPlatforms) = preSolution
		Debug|Any CPU = Debug|Any CPU
		Release|Any CPU = Release|Any CPU
	EndGlobalSection
	GlobalSection(ProjectConfigurationPlatforms) = postSolution
		{AA3861B5-0F28-45B9-8264-EBBB8E9E1B00}.Debug|Any CPU.ActiveCfg = Debug|Any CPU
		{AA3861B5-0F28-45B9-8264-EBBB8E9E1B00}.Debug|Any CPU.Build.0 = Debug|Any CPU
		{AA3861B5-0F28-45B9-8264-EBBB8E9E1B00}.Release|Any CPU.ActiveCfg = Release|Any CPU
		{AA3861B5-0F28-45B9-8264-EBBB8E9E1B00}.Release|Any CPU.Build.0 = Release|Any CPU
	EndGlobalSection
	GlobalSection(SolutionProperties) = preSolution
		HideSolutionNode = FALSE
	EndGlobalSection
	GlobalSection(ExtensibilityGlobals) = postSolution
		SolutionGuid = {BAC7F13D-7D85-4B5E-9988-1DA086D6F5AC}
	EndGlobalSection
EndGlobal
