
Microsoft Visual Studio Solution File, Format Version 12.00
# Visual Studio Version 16
VisualStudioVersion = 16.0.29102.190
MinimumVisualStudioVersion = 10.0.40219.1
Project("{FAE04EC0-301F-11D3-BF4B-00C04F79EFBC}") = "NetCoreRazorPageAndJqueryDataTable", "NetCoreRazorPageAndJqueryDataTable\NetCoreRazorPageAndJqueryDataTable.csproj", "{CECA49B2-520A-4962-A002-BD5B19EE2E81}"
EndProject
Global
	GlobalSection(SolutionConfigurationPlatforms) = preSolution
		Debug|Any CPU = Debug|Any CPU
		Release|Any CPU = Release|Any CPU
	EndGlobalSection
	GlobalSection(ProjectConfigurationPlatforms) = postSolution
		{CECA49B2-520A-4962-A002-BD5B19EE2E81}.Debug|Any CPU.ActiveCfg = Debug|Any CPU
		{CECA49B2-520A-4962-A002-BD5B19EE2E81}.Debug|Any CPU.Build.0 = Debug|Any CPU
		{CECA49B2-520A-4962-A002-BD5B19EE2E81}.Release|Any CPU.ActiveCfg = Release|Any CPU
		{CECA49B2-520A-4962-A002-BD5B19EE2E81}.Release|Any CPU.Build.0 = Release|Any CPU
	EndGlobalSection
	GlobalSection(SolutionProperties) = preSolution
		HideSolutionNode = FALSE
	EndGlobalSection
	GlobalSection(ExtensibilityGlobals) = postSolution
		SolutionGuid = {0552DFFA-8E7C-4BA8-9403-03D692EFA8D4}
	EndGlobalSection
EndGlobal
